
Microsoft Visual Studio Solution File, Format Version 12.00
# Visual Studio Version 17
VisualStudioVersion = 17.0.31903.59
MinimumVisualStudioVersion = 10.0.40219.1
Project("{2150E333-8FDC-42A3-9474-1A3956D46DE8}") = "src", "src", "{A3F25348-A960-4E69-A794-E53839318B65}"
EndProject
Project("{FAE04EC0-301F-11D3-BF4B-00C04F79EFBC}") = "EpisodeRenamer.App", "src\EpisodeRenamer.App\EpisodeRenamer.App.csproj", "{580A6634-D0B3-4B41-8E7F-50D7105F4024}"
EndProject
Project("{2150E333-8FDC-42A3-9474-1A3956D46DE8}") = "tests", "tests", "{09AA4CB4-CC0D-423D-9FC0-75CE4614EE81}"
EndProject
Project("{FAE04EC0-301F-11D3-BF4B-00C04F79EFBC}") = "EpisodeRenamer.Tests", "tests\EpisodeRenamer.Tests\EpisodeRenamer.Tests.csproj", "{D52175AF-832E-49FF-BBD1-0C25108B79FB}"
EndProject
Global
	GlobalSection(SolutionConfigurationPlatforms) = preSolution
		Debug|Any CPU = Debug|Any CPU
		Release|Any CPU = Release|Any CPU
	EndGlobalSection
	GlobalSection(SolutionProperties) = preSolution
		HideSolutionNode = FALSE
	EndGlobalSection
	GlobalSection(ProjectConfigurationPlatforms) = postSolution
		{580A6634-D0B3-4B41-8E7F-50D7105F4024}.Debug|Any CPU.ActiveCfg = Debug|Any CPU
		{580A6634-D0B3-4B41-8E7F-50D7105F4024}.Debug|Any CPU.Build.0 = Debug|Any CPU
		{580A6634-D0B3-4B41-8E7F-50D7105F4024}.Release|Any CPU.ActiveCfg = Release|Any CPU
		{580A6634-D0B3-4B41-8E7F-50D7105F4024}.Release|Any CPU.Build.0 = Release|Any CPU
		{D52175AF-832E-49FF-BBD1-0C25108B79FB}.Debug|Any CPU.ActiveCfg = Debug|Any CPU
		{D52175AF-832E-49FF-BBD1-0C25108B79FB}.Debug|Any CPU.Build.0 = Debug|Any CPU
		{D52175AF-832E-49FF-BBD1-0C25108B79FB}.Release|Any CPU.ActiveCfg = Release|Any CPU
		{D52175AF-832E-49FF-BBD1-0C25108B79FB}.Release|Any CPU.Build.0 = Release|Any CPU
	EndGlobalSection
	GlobalSection(NestedProjects) = preSolution
		{580A6634-D0B3-4B41-8E7F-50D7105F4024} = {A3F25348-A960-4E69-A794-E53839318B65}
		{D52175AF-832E-49FF-BBD1-0C25108B79FB} = {09AA4CB4-CC0D-423D-9FC0-75CE4614EE81}
	EndGlobalSection
EndGlobal
